
Microsoft Visual Studio Solution File, Format Version 12.00
# Visual Studio Version 16
VisualStudioVersion = 16.0.30204.135
MinimumVisualStudioVersion = 10.0.40219.1
Project("{9A19103F-16F7-4668-BE54-9A1E7A4F7556}") = "Domain", "Domain\Domain.csproj", "{8A83A231-34A6-49E0-8EBD-04E9769128BB}"
EndProject
Project("{9A19103F-16F7-4668-BE54-9A1E7A4F7556}") = "Domain.Tests", "Domain.Tests\Domain.Tests.csproj", "{48356914-DC08-44B7-BA02-D1A025C8BE84}"
EndProject
Project("{FAE04EC0-301F-11D3-BF4B-00C04F79EFBC}") = "Presentation", "Presentation\Presentation.csproj", "{B164EF8E-AE2A-45EE-9695-B4634AA67793}"
EndProject
Project("{9A19103F-16F7-4668-BE54-9A1E7A4F7556}") = "Application.Tests", "Application.Tests\Application.Tests.csproj", "{FD2D469F-D08B-4D3A-9DCF-05E4054B3E9D}"
EndProject
Project("{9A19103F-16F7-4668-BE54-9A1E7A4F7556}") = "Application", "Application\Application.csproj", "{530EF0F5-A79A-4A01-B368-1690897C9DA3}"
EndProject
Project("{9A19103F-16F7-4668-BE54-9A1E7A4F7556}") = "Service", "Service\Service.csproj", "{83965837-339C-4F92-9E43-EDF27F19EA74}"
EndProject
Project("{FAE04EC0-301F-11D3-BF4B-00C04F79EFBC}") = "Specification", "Specification\Specification.csproj", "{EEF05CD7-E3F1-43A8-B2FA-EB99B9242212}"
EndProject
Project("{FAE04EC0-301F-11D3-BF4B-00C04F79EFBC}") = "Presentation.ViewModels", "Presentation.ViewModels\Presentation.ViewModels.csproj", "{4567316A-1073-4622-859B-D22A47E95657}"
EndProject
Project("{FAE04EC0-301F-11D3-BF4B-00C04F79EFBC}") = "Presentation.ViewModels.Tests", "Presentation.ViewModels.Tests\Presentation.ViewModels.Tests.csproj", "{52E827C7-31FD-4E9B-988A-0A691105DA81}"
EndProject
Global
	GlobalSection(SolutionConfigurationPlatforms) = preSolution
		Debug|Any CPU = Debug|Any CPU
		Debug|ARM = Debug|ARM
		Debug|ARM64 = Debug|ARM64
		Debug|x64 = Debug|x64
		Debug|x86 = Debug|x86
		Release|Any CPU = Release|Any CPU
		Release|ARM = Release|ARM
		Release|ARM64 = Release|ARM64
		Release|x64 = Release|x64
		Release|x86 = Release|x86
	EndGlobalSection
	GlobalSection(ProjectConfigurationPlatforms) = postSolution
		{8A83A231-34A6-49E0-8EBD-04E9769128BB}.Debug|Any CPU.ActiveCfg = Debug|Any CPU
		{8A83A231-34A6-49E0-8EBD-04E9769128BB}.Debug|Any CPU.Build.0 = Debug|Any CPU
		{8A83A231-34A6-49E0-8EBD-04E9769128BB}.Debug|ARM.ActiveCfg = Debug|Any CPU
		{8A83A231-34A6-49E0-8EBD-04E9769128BB}.Debug|ARM.Build.0 = Debug|Any CPU
		{8A83A231-34A6-49E0-8EBD-04E9769128BB}.Debug|ARM64.ActiveCfg = Debug|Any CPU
		{8A83A231-34A6-49E0-8EBD-04E9769128BB}.Debug|ARM64.Build.0 = Debug|Any CPU
		{8A83A231-34A6-49E0-8EBD-04E9769128BB}.Debug|x64.ActiveCfg = Debug|Any CPU
		{8A83A231-34A6-49E0-8EBD-04E9769128BB}.Debug|x64.Build.0 = Debug|Any CPU
		{8A83A231-34A6-49E0-8EBD-04E9769128BB}.Debug|x86.ActiveCfg = Debug|Any CPU
		{8A83A231-34A6-49E0-8EBD-04E9769128BB}.Debug|x86.Build.0 = Debug|Any CPU
		{8A83A231-34A6-49E0-8EBD-04E9769128BB}.Release|Any CPU.ActiveCfg = Release|Any CPU
		{8A83A231-34A6-49E0-8EBD-04E9769128BB}.Release|Any CPU.Build.0 = Release|Any CPU
		{8A83A231-34A6-49E0-8EBD-04E9769128BB}.Release|ARM.ActiveCfg = Release|Any CPU
		{8A83A231-34A6-49E0-8EBD-04E9769128BB}.Release|ARM.Build.0 = Release|Any CPU
		{8A83A231-34A6-49E0-8EBD-04E9769128BB}.Release|ARM64.ActiveCfg = Release|Any CPU
		{8A83A231-34A6-49E0-8EBD-04E9769128BB}.Release|ARM64.Build.0 = Release|Any CPU
		{8A83A231-34A6-49E0-8EBD-04E9769128BB}.Release|x64.ActiveCfg = Release|Any CPU
		{8A83A231-34A6-49E0-8EBD-04E9769128BB}.Release|x64.Build.0 = Release|Any CPU
		{8A83A231-34A6-49E0-8EBD-04E9769128BB}.Release|x86.ActiveCfg = Release|Any CPU
		{8A83A231-34A6-49E0-8EBD-04E9769128BB}.Release|x86.Build.0 = Release|Any CPU
		{48356914-DC08-44B7-BA02-D1A025C8BE84}.Debug|Any CPU.ActiveCfg = Debug|Any CPU
		{48356914-DC08-44B7-BA02-D1A025C8BE84}.Debug|Any CPU.Build.0 = Debug|Any CPU
		{48356914-DC08-44B7-BA02-D1A025C8BE84}.Debug|ARM.ActiveCfg = Debug|Any CPU
		{48356914-DC08-44B7-BA02-D1A025C8BE84}.Debug|ARM.Build.0 = Debug|Any CPU
		{48356914-DC08-44B7-BA02-D1A025C8BE84}.Debug|ARM64.ActiveCfg = Debug|Any CPU
		{48356914-DC08-44B7-BA02-D1A025C8BE84}.Debug|ARM64.Build.0 = Debug|Any CPU
		{48356914-DC08-44B7-BA02-D1A025C8BE84}.Debug|x64.ActiveCfg = Debug|Any CPU
		{48356914-DC08-44B7-BA02-D1A025C8BE84}.Debug|x64.Build.0 = Debug|Any CPU
		{48356914-DC08-44B7-BA02-D1A025C8BE84}.Debug|x86.ActiveCfg = Debug|Any CPU
		{48356914-DC08-44B7-BA02-D1A025C8BE84}.Debug|x86.Build.0 = Debug|Any CPU
		{48356914-DC08-44B7-BA02-D1A025C8BE84}.Release|Any CPU.ActiveCfg = Release|Any CPU
		{48356914-DC08-44B7-BA02-D1A025C8BE84}.Release|Any CPU.Build.0 = Release|Any CPU
		{48356914-DC08-44B7-BA02-D1A025C8BE84}.Release|ARM.ActiveCfg = Release|Any CPU
		{48356914-DC08-44B7-BA02-D1A025C8BE84}.Release|ARM.Build.0 = Release|Any CPU
		{48356914-DC08-44B7-BA02-D1A025C8BE84}.Release|ARM64.ActiveCfg = Release|Any CPU
		{48356914-DC08-44B7-BA02-D1A025C8BE84}.Release|ARM64.Build.0 = Release|Any CPU
		{48356914-DC08-44B7-BA02-D1A025C8BE84}.Release|x64.ActiveCfg = Release|Any CPU
		{48356914-DC08-44B7-BA02-D1A025C8BE84}.Release|x64.Build.0 = Release|Any CPU
		{48356914-DC08-44B7-BA02-D1A025C8BE84}.Release|x86.ActiveCfg = Release|Any CPU
		{48356914-DC08-44B7-BA02-D1A025C8BE84}.Release|x86.Build.0 = Release|Any CPU
		{B164EF8E-AE2A-45EE-9695-B4634AA67793}.Debug|Any CPU.ActiveCfg = Debug|x86
		{B164EF8E-AE2A-45EE-9695-B4634AA67793}.Debug|ARM.ActiveCfg = Debug|ARM
		{B164EF8E-AE2A-45EE-9695-B4634AA67793}.Debug|ARM.Build.0 = Debug|ARM
		{B164EF8E-AE2A-45EE-9695-B4634AA67793}.Debug|ARM.Deploy.0 = Debug|ARM
		{B164EF8E-AE2A-45EE-9695-B4634AA67793}.Debug|ARM64.ActiveCfg = Debug|ARM64
		{B164EF8E-AE2A-45EE-9695-B4634AA67793}.Debug|ARM64.Build.0 = Debug|ARM64
		{B164EF8E-AE2A-45EE-9695-B4634AA67793}.Debug|ARM64.Deploy.0 = Debug|ARM64
		{B164EF8E-AE2A-45EE-9695-B4634AA67793}.Debug|x64.ActiveCfg = Debug|x64
		{B164EF8E-AE2A-45EE-9695-B4634AA67793}.Debug|x64.Build.0 = Debug|x64
		{B164EF8E-AE2A-45EE-9695-B4634AA67793}.Debug|x64.Deploy.0 = Debug|x64
		{B164EF8E-AE2A-45EE-9695-B4634AA67793}.Debug|x86.ActiveCfg = Debug|x86
		{B164EF8E-AE2A-45EE-9695-B4634AA67793}.Debug|x86.Build.0 = Debug|x86
		{B164EF8E-AE2A-45EE-9695-B4634AA67793}.Debug|x86.Deploy.0 = Debug|x86
		{B164EF8E-AE2A-45EE-9695-B4634AA67793}.Release|Any CPU.ActiveCfg = Release|x86
		{B164EF8E-AE2A-45EE-9695-B4634AA67793}.Release|ARM.ActiveCfg = Release|ARM
		{B164EF8E-AE2A-45EE-9695-B4634AA67793}.Release|ARM.Build.0 = Release|ARM
		{B164EF8E-AE2A-45EE-9695-B4634AA67793}.Release|ARM.Deploy.0 = Release|ARM
		{B164EF8E-AE2A-45EE-9695-B4634AA67793}.Release|ARM64.ActiveCfg = Release|ARM64
		{B164EF8E-AE2A-45EE-9695-B4634AA67793}.Release|ARM64.Build.0 = Release|ARM64
		{B164EF8E-AE2A-45EE-9695-B4634AA67793}.Release|ARM64.Deploy.0 = Release|ARM64
		{B164EF8E-AE2A-45EE-9695-B4634AA67793}.Release|x64.ActiveCfg = Release|x64
		{B164EF8E-AE2A-45EE-9695-B4634AA67793}.Release|x64.Build.0 = Release|x64
		{B164EF8E-AE2A-45EE-9695-B4634AA67793}.Release|x64.Deploy.0 = Release|x64
		{B164EF8E-AE2A-45EE-9695-B4634AA67793}.Release|x86.ActiveCfg = Release|x86
		{B164EF8E-AE2A-45EE-9695-B4634AA67793}.Release|x86.Build.0 = Release|x86
		{B164EF8E-AE2A-45EE-9695-B4634AA67793}.Release|x86.Deploy.0 = Release|x86
		{FD2D469F-D08B-4D3A-9DCF-05E4054B3E9D}.Debug|Any CPU.ActiveCfg = Debug|Any CPU
		{FD2D469F-D08B-4D3A-9DCF-05E4054B3E9D}.Debug|Any CPU.Build.0 = Debug|Any CPU
		{FD2D469F-D08B-4D3A-9DCF-05E4054B3E9D}.Debug|ARM.ActiveCfg = Debug|Any CPU
		{FD2D469F-D08B-4D3A-9DCF-05E4054B3E9D}.Debug|ARM.Build.0 = Debug|Any CPU
		{FD2D469F-D08B-4D3A-9DCF-05E4054B3E9D}.Debug|ARM64.ActiveCfg = Debug|Any CPU
		{FD2D469F-D08B-4D3A-9DCF-05E4054B3E9D}.Debug|ARM64.Build.0 = Debug|Any CPU
		{FD2D469F-D08B-4D3A-9DCF-05E4054B3E9D}.Debug|x64.ActiveCfg = Debug|Any CPU
		{FD2D469F-D08B-4D3A-9DCF-05E4054B3E9D}.Debug|x64.Build.0 = Debug|Any CPU
		{FD2D469F-D08B-4D3A-9DCF-05E4054B3E9D}.Debug|x86.ActiveCfg = Debug|Any CPU
		{FD2D469F-D08B-4D3A-9DCF-05E4054B3E9D}.Debug|x86.Build.0 = Debug|Any CPU
		{FD2D469F-D08B-4D3A-9DCF-05E4054B3E9D}.Release|Any CPU.ActiveCfg = Release|Any CPU
		{FD2D469F-D08B-4D3A-9DCF-05E4054B3E9D}.Release|Any CPU.Build.0 = Release|Any CPU
		{FD2D469F-D08B-4D3A-9DCF-05E4054B3E9D}.Release|ARM.ActiveCfg = Release|Any CPU
		{FD2D469F-D08B-4D3A-9DCF-05E4054B3E9D}.Release|ARM.Build.0 = Release|Any CPU
		{FD2D469F-D08B-4D3A-9DCF-05E4054B3E9D}.Release|ARM64.ActiveCfg = Release|Any CPU
		{FD2D469F-D08B-4D3A-9DCF-05E4054B3E9D}.Release|ARM64.Build.0 = Release|Any CPU
		{FD2D469F-D08B-4D3A-9DCF-05E4054B3E9D}.Release|x64.ActiveCfg = Release|Any CPU
		{FD2D469F-D08B-4D3A-9DCF-05E4054B3E9D}.Release|x64.Build.0 = Release|Any CPU
		{FD2D469F-D08B-4D3A-9DCF-05E4054B3E9D}.Release|x86.ActiveCfg = Release|Any CPU
		{FD2D469F-D08B-4D3A-9DCF-05E4054B3E9D}.Release|x86.Build.0 = Release|Any CPU
		{530EF0F5-A79A-4A01-B368-1690897C9DA3}.Debug|Any CPU.ActiveCfg = Debug|Any CPU
		{530EF0F5-A79A-4A01-B368-1690897C9DA3}.Debug|Any CPU.Build.0 = Debug|Any CPU
		{530EF0F5-A79A-4A01-B368-1690897C9DA3}.Debug|ARM.ActiveCfg = Debug|Any CPU
		{530EF0F5-A79A-4A01-B368-1690897C9DA3}.Debug|ARM.Build.0 = Debug|Any CPU
		{530EF0F5-A79A-4A01-B368-1690897C9DA3}.Debug|ARM64.ActiveCfg = Debug|Any CPU
		{530EF0F5-A79A-4A01-B368-1690897C9DA3}.Debug|ARM64.Build.0 = Debug|Any CPU
		{530EF0F5-A79A-4A01-B368-1690897C9DA3}.Debug|x64.ActiveCfg = Debug|Any CPU
		{530EF0F5-A79A-4A01-B368-1690897C9DA3}.Debug|x64.Build.0 = Debug|Any CPU
		{530EF0F5-A79A-4A01-B368-1690897C9DA3}.Debug|x86.ActiveCfg = Debug|Any CPU
		{530EF0F5-A79A-4A01-B368-1690897C9DA3}.Debug|x86.Build.0 = Debug|Any CPU
		{530EF0F5-A79A-4A01-B368-1690897C9DA3}.Release|Any CPU.ActiveCfg = Release|Any CPU
		{530EF0F5-A79A-4A01-B368-1690897C9DA3}.Release|Any CPU.Build.0 = Release|Any CPU
		{530EF0F5-A79A-4A01-B368-1690897C9DA3}.Release|ARM.ActiveCfg = Release|Any CPU
		{530EF0F5-A79A-4A01-B368-1690897C9DA3}.Release|ARM.Build.0 = Release|Any CPU
		{530EF0F5-A79A-4A01-B368-1690897C9DA3}.Release|ARM64.ActiveCfg = Release|Any CPU
		{530EF0F5-A79A-4A01-B368-1690897C9DA3}.Release|ARM64.Build.0 = Release|Any CPU
		{530EF0F5-A79A-4A01-B368-1690897C9DA3}.Release|x64.ActiveCfg = Release|Any CPU
		{530EF0F5-A79A-4A01-B368-1690897C9DA3}.Release|x64.Build.0 = Release|Any CPU
		{530EF0F5-A79A-4A01-B368-1690897C9DA3}.Release|x86.ActiveCfg = Release|Any CPU
		{530EF0F5-A79A-4A01-B368-1690897C9DA3}.Release|x86.Build.0 = Release|Any CPU
		{83965837-339C-4F92-9E43-EDF27F19EA74}.Debug|Any CPU.ActiveCfg = Debug|Any CPU
		{83965837-339C-4F92-9E43-EDF27F19EA74}.Debug|Any CPU.Build.0 = Debug|Any CPU
		{83965837-339C-4F92-9E43-EDF27F19EA74}.Debug|ARM.ActiveCfg = Debug|Any CPU
		{83965837-339C-4F92-9E43-EDF27F19EA74}.Debug|ARM.Build.0 = Debug|Any CPU
		{83965837-339C-4F92-9E43-EDF27F19EA74}.Debug|ARM64.ActiveCfg = Debug|Any CPU
		{83965837-339C-4F92-9E43-EDF27F19EA74}.Debug|ARM64.Build.0 = Debug|Any CPU
		{83965837-339C-4F92-9E43-EDF27F19EA74}.Debug|x64.ActiveCfg = Debug|Any CPU
		{83965837-339C-4F92-9E43-EDF27F19EA74}.Debug|x64.Build.0 = Debug|Any CPU
		{83965837-339C-4F92-9E43-EDF27F19EA74}.Debug|x86.ActiveCfg = Debug|Any CPU
		{83965837-339C-4F92-9E43-EDF27F19EA74}.Debug|x86.Build.0 = Debug|Any CPU
		{83965837-339C-4F92-9E43-EDF27F19EA74}.Release|Any CPU.ActiveCfg = Release|Any CPU
		{83965837-339C-4F92-9E43-EDF27F19EA74}.Release|Any CPU.Build.0 = Release|Any CPU
		{83965837-339C-4F92-9E43-EDF27F19EA74}.Release|ARM.ActiveCfg = Release|Any CPU
		{83965837-339C-4F92-9E43-EDF27F19EA74}.Release|ARM.Build.0 = Release|Any CPU
		{83965837-339C-4F92-9E43-EDF27F19EA74}.Release|ARM64.ActiveCfg = Release|Any CPU
		{83965837-339C-4F92-9E43-EDF27F19EA74}.Release|ARM64.Build.0 = Release|Any CPU
		{83965837-339C-4F92-9E43-EDF27F19EA74}.Release|x64.ActiveCfg = Release|Any CPU
		{83965837-339C-4F92-9E43-EDF27F19EA74}.Release|x64.Build.0 = Release|Any CPU
		{83965837-339C-4F92-9E43-EDF27F19EA74}.Release|x86.ActiveCfg = Release|Any CPU
		{83965837-339C-4F92-9E43-EDF27F19EA74}.Release|x86.Build.0 = Release|Any CPU
		{EEF05CD7-E3F1-43A8-B2FA-EB99B9242212}.Debug|Any CPU.ActiveCfg = Debug|Any CPU
		{EEF05CD7-E3F1-43A8-B2FA-EB99B9242212}.Debug|Any CPU.Build.0 = Debug|Any CPU
		{EEF05CD7-E3F1-43A8-B2FA-EB99B9242212}.Debug|ARM.ActiveCfg = Debug|Any CPU
		{EEF05CD7-E3F1-43A8-B2FA-EB99B9242212}.Debug|ARM.Build.0 = Debug|Any CPU
		{EEF05CD7-E3F1-43A8-B2FA-EB99B9242212}.Debug|ARM64.ActiveCfg = Debug|Any CPU
		{EEF05CD7-E3F1-43A8-B2FA-EB99B9242212}.Debug|ARM64.Build.0 = Debug|Any CPU
		{EEF05CD7-E3F1-43A8-B2FA-EB99B9242212}.Debug|x64.ActiveCfg = Debug|Any CPU
		{EEF05CD7-E3F1-43A8-B2FA-EB99B9242212}.Debug|x64.Build.0 = Debug|Any CPU
		{EEF05CD7-E3F1-43A8-B2FA-EB99B9242212}.Debug|x86.ActiveCfg = Debug|Any CPU
		{EEF05CD7-E3F1-43A8-B2FA-EB99B9242212}.Debug|x86.Build.0 = Debug|Any CPU
		{EEF05CD7-E3F1-43A8-B2FA-EB99B9242212}.Release|Any CPU.ActiveCfg = Release|Any CPU
		{EEF05CD7-E3F1-43A8-B2FA-EB99B9242212}.Release|Any CPU.Build.0 = Release|Any CPU
		{EEF05CD7-E3F1-43A8-B2FA-EB99B9242212}.Release|ARM.ActiveCfg = Release|Any CPU
		{EEF05CD7-E3F1-43A8-B2FA-EB99B9242212}.Release|ARM.Build.0 = Release|Any CPU
		{EEF05CD7-E3F1-43A8-B2FA-EB99B9242212}.Release|ARM64.ActiveCfg = Release|Any CPU
		{EEF05CD7-E3F1-43A8-B2FA-EB99B9242212}.Release|ARM64.Build.0 = Release|Any CPU
		{EEF05CD7-E3F1-43A8-B2FA-EB99B9242212}.Release|x64.ActiveCfg = Release|Any CPU
		{EEF05CD7-E3F1-43A8-B2FA-EB99B9242212}.Release|x64.Build.0 = Release|Any CPU
		{EEF05CD7-E3F1-43A8-B2FA-EB99B9242212}.Release|x86.ActiveCfg = Release|Any CPU
		{EEF05CD7-E3F1-43A8-B2FA-EB99B9242212}.Release|x86.Build.0 = Release|Any CPU
		{4567316A-1073-4622-859B-D22A47E95657}.Debug|Any CPU.ActiveCfg = Debug|Any CPU
		{4567316A-1073-4622-859B-D22A47E95657}.Debug|Any CPU.Build.0 = Debug|Any CPU
		{4567316A-1073-4622-859B-D22A47E95657}.Debug|ARM.ActiveCfg = Debug|Any CPU
		{4567316A-1073-4622-859B-D22A47E95657}.Debug|ARM.Build.0 = Debug|Any CPU
		{4567316A-1073-4622-859B-D22A47E95657}.Debug|ARM64.ActiveCfg = Debug|Any CPU
		{4567316A-1073-4622-859B-D22A47E95657}.Debug|ARM64.Build.0 = Debug|Any CPU
		{4567316A-1073-4622-859B-D22A47E95657}.Debug|x64.ActiveCfg = Debug|Any CPU
		{4567316A-1073-4622-859B-D22A47E95657}.Debug|x64.Build.0 = Debug|Any CPU
		{4567316A-1073-4622-859B-D22A47E95657}.Debug|x86.ActiveCfg = Debug|Any CPU
		{4567316A-1073-4622-859B-D22A47E95657}.Debug|x86.Build.0 = Debug|Any CPU
		{4567316A-1073-4622-859B-D22A47E95657}.Release|Any CPU.ActiveCfg = Release|Any CPU
		{4567316A-1073-4622-859B-D22A47E95657}.Release|Any CPU.Build.0 = Release|Any CPU
		{4567316A-1073-4622-859B-D22A47E95657}.Release|ARM.ActiveCfg = Release|Any CPU
		{4567316A-1073-4622-859B-D22A47E95657}.Release|ARM.Build.0 = Release|Any CPU
		{4567316A-1073-4622-859B-D22A47E95657}.Release|ARM64.ActiveCfg = Release|Any CPU
		{4567316A-1073-4622-859B-D22A47E95657}.Release|ARM64.Build.0 = Release|Any CPU
		{4567316A-1073-4622-859B-D22A47E95657}.Release|x64.ActiveCfg = Release|Any CPU
		{4567316A-1073-4622-859B-D22A47E95657}.Release|x64.Build.0 = Release|Any CPU
		{4567316A-1073-4622-859B-D22A47E95657}.Release|x86.ActiveCfg = Release|Any CPU
		{4567316A-1073-4622-859B-D22A47E95657}.Release|x86.Build.0 = Release|Any CPU
		{52E827C7-31FD-4E9B-988A-0A691105DA81}.Debug|Any CPU.ActiveCfg = Debug|Any CPU
		{52E827C7-31FD-4E9B-988A-0A691105DA81}.Debug|Any CPU.Build.0 = Debug|Any CPU
		{52E827C7-31FD-4E9B-988A-0A691105DA81}.Debug|ARM.ActiveCfg = Debug|Any CPU
		{52E827C7-31FD-4E9B-988A-0A691105DA81}.Debug|ARM.Build.0 = Debug|Any CPU
		{52E827C7-31FD-4E9B-988A-0A691105DA81}.Debug|ARM64.ActiveCfg = Debug|Any CPU
		{52E827C7-31FD-4E9B-988A-0A691105DA81}.Debug|ARM64.Build.0 = Debug|Any CPU
		{52E827C7-31FD-4E9B-988A-0A691105DA81}.Debug|x64.ActiveCfg = Debug|Any CPU
		{52E827C7-31FD-4E9B-988A-0A691105DA81}.Debug|x64.Build.0 = Debug|Any CPU
		{52E827C7-31FD-4E9B-988A-0A691105DA81}.Debug|x86.ActiveCfg = Debug|Any CPU
		{52E827C7-31FD-4E9B-988A-0A691105DA81}.Debug|x86.Build.0 = Debug|Any CPU
		{52E827C7-31FD-4E9B-988A-0A691105DA81}.Release|Any CPU.ActiveCfg = Release|Any CPU
		{52E827C7-31FD-4E9B-988A-0A691105DA81}.Release|Any CPU.Build.0 = Release|Any CPU
		{52E827C7-31FD-4E9B-988A-0A691105DA81}.Release|ARM.ActiveCfg = Release|Any CPU
		{52E827C7-31FD-4E9B-988A-0A691105DA81}.Release|ARM.Build.0 = Release|Any CPU
		{52E827C7-31FD-4E9B-988A-0A691105DA81}.Release|ARM64.ActiveCfg = Release|Any CPU
		{52E827C7-31FD-4E9B-988A-0A691105DA81}.Release|ARM64.Build.0 = Release|Any CPU
		{52E827C7-31FD-4E9B-988A-0A691105DA81}.Release|x64.ActiveCfg = Release|Any CPU
		{52E827C7-31FD-4E9B-988A-0A691105DA81}.Release|x64.Build.0 = Release|Any CPU
		{52E827C7-31FD-4E9B-988A-0A691105DA81}.Release|x86.ActiveCfg = Release|Any CPU
		{52E827C7-31FD-4E9B-988A-0A691105DA81}.Release|x86.Build.0 = Release|Any CPU
	EndGlobalSection
	GlobalSection(SolutionProperties) = preSolution
		HideSolutionNode = FALSE
	EndGlobalSection
	GlobalSection(ExtensibilityGlobals) = postSolution
		SolutionGuid = {25A77987-AC95-4E6C-98CF-B0619A6FD413}
	EndGlobalSection
EndGlobal
