
Microsoft Visual Studio Solution File, Format Version 12.00
# Visual Studio Version 16
VisualStudioVersion = 16.0.30204.135
MinimumVisualStudioVersion = 10.0.40219.1
Project("{FAE04EC0-301F-11D3-BF4B-00C04F79EFBC}") = "Presentation", "Presentation\Presentation.csproj", "{85856486-BBBA-4D17-9843-EA05E08B3F98}"
EndProject
Project("{FAE04EC0-301F-11D3-BF4B-00C04F79EFBC}") = "Presentation.Tests", "Presentation.Tests\Presentation.Tests.csproj", "{7AC52A99-3B70-4FB8-9430-4A05F410279A}"
EndProject
Project("{FAE04EC0-301F-11D3-BF4B-00C04F79EFBC}") = "Domain", "Domain\Domain.csproj", "{8A83A231-34A6-49E0-8EBD-04E9769128BB}"
EndProject
Project("{FAE04EC0-301F-11D3-BF4B-00C04F79EFBC}") = "Domain.Tests", "Domain.Tests\Domain.Tests.csproj", "{48356914-DC08-44B7-BA02-D1A025C8BE84}"
EndProject
Global
	GlobalSection(SolutionConfigurationPlatforms) = preSolution
		Debug|Any CPU = Debug|Any CPU
		Debug|ARM = Debug|ARM
		Debug|ARM64 = Debug|ARM64
		Debug|x64 = Debug|x64
		Debug|x86 = Debug|x86
		Release|Any CPU = Release|Any CPU
		Release|ARM = Release|ARM
		Release|ARM64 = Release|ARM64
		Release|x64 = Release|x64
		Release|x86 = Release|x86
	EndGlobalSection
	GlobalSection(ProjectConfigurationPlatforms) = postSolution
		{85856486-BBBA-4D17-9843-EA05E08B3F98}.Debug|Any CPU.ActiveCfg = Debug|x86
		{85856486-BBBA-4D17-9843-EA05E08B3F98}.Debug|ARM.ActiveCfg = Debug|ARM
		{85856486-BBBA-4D17-9843-EA05E08B3F98}.Debug|ARM.Build.0 = Debug|ARM
		{85856486-BBBA-4D17-9843-EA05E08B3F98}.Debug|ARM.Deploy.0 = Debug|ARM
		{85856486-BBBA-4D17-9843-EA05E08B3F98}.Debug|ARM64.ActiveCfg = Debug|ARM64
		{85856486-BBBA-4D17-9843-EA05E08B3F98}.Debug|ARM64.Build.0 = Debug|ARM64
		{85856486-BBBA-4D17-9843-EA05E08B3F98}.Debug|ARM64.Deploy.0 = Debug|ARM64
		{85856486-BBBA-4D17-9843-EA05E08B3F98}.Debug|x64.ActiveCfg = Debug|x64
		{85856486-BBBA-4D17-9843-EA05E08B3F98}.Debug|x64.Build.0 = Debug|x64
		{85856486-BBBA-4D17-9843-EA05E08B3F98}.Debug|x64.Deploy.0 = Debug|x64
		{85856486-BBBA-4D17-9843-EA05E08B3F98}.Debug|x86.ActiveCfg = Debug|x86
		{85856486-BBBA-4D17-9843-EA05E08B3F98}.Debug|x86.Build.0 = Debug|x86
		{85856486-BBBA-4D17-9843-EA05E08B3F98}.Debug|x86.Deploy.0 = Debug|x86
		{85856486-BBBA-4D17-9843-EA05E08B3F98}.Release|Any CPU.ActiveCfg = Release|x86
		{85856486-BBBA-4D17-9843-EA05E08B3F98}.Release|ARM.ActiveCfg = Release|ARM
		{85856486-BBBA-4D17-9843-EA05E08B3F98}.Release|ARM.Build.0 = Release|ARM
		{85856486-BBBA-4D17-9843-EA05E08B3F98}.Release|ARM.Deploy.0 = Release|ARM
		{85856486-BBBA-4D17-9843-EA05E08B3F98}.Release|ARM64.ActiveCfg = Release|ARM64
		{85856486-BBBA-4D17-9843-EA05E08B3F98}.Release|ARM64.Build.0 = Release|ARM64
		{85856486-BBBA-4D17-9843-EA05E08B3F98}.Release|ARM64.Deploy.0 = Release|ARM64
		{85856486-BBBA-4D17-9843-EA05E08B3F98}.Release|x64.ActiveCfg = Release|x64
		{85856486-BBBA-4D17-9843-EA05E08B3F98}.Release|x64.Build.0 = Release|x64
		{85856486-BBBA-4D17-9843-EA05E08B3F98}.Release|x64.Deploy.0 = Release|x64
		{85856486-BBBA-4D17-9843-EA05E08B3F98}.Release|x86.ActiveCfg = Release|x86
		{85856486-BBBA-4D17-9843-EA05E08B3F98}.Release|x86.Build.0 = Release|x86
		{85856486-BBBA-4D17-9843-EA05E08B3F98}.Release|x86.Deploy.0 = Release|x86
		{7AC52A99-3B70-4FB8-9430-4A05F410279A}.Debug|Any CPU.ActiveCfg = Debug|Any CPU
		{7AC52A99-3B70-4FB8-9430-4A05F410279A}.Debug|Any CPU.Build.0 = Debug|Any CPU
		{7AC52A99-3B70-4FB8-9430-4A05F410279A}.Debug|ARM.ActiveCfg = Debug|Any CPU
		{7AC52A99-3B70-4FB8-9430-4A05F410279A}.Debug|ARM.Build.0 = Debug|Any CPU
		{7AC52A99-3B70-4FB8-9430-4A05F410279A}.Debug|ARM64.ActiveCfg = Debug|Any CPU
		{7AC52A99-3B70-4FB8-9430-4A05F410279A}.Debug|ARM64.Build.0 = Debug|Any CPU
		{7AC52A99-3B70-4FB8-9430-4A05F410279A}.Debug|x64.ActiveCfg = Debug|Any CPU
		{7AC52A99-3B70-4FB8-9430-4A05F410279A}.Debug|x64.Build.0 = Debug|Any CPU
		{7AC52A99-3B70-4FB8-9430-4A05F410279A}.Debug|x86.ActiveCfg = Debug|Any CPU
		{7AC52A99-3B70-4FB8-9430-4A05F410279A}.Debug|x86.Build.0 = Debug|Any CPU
		{7AC52A99-3B70-4FB8-9430-4A05F410279A}.Release|Any CPU.ActiveCfg = Release|Any CPU
		{7AC52A99-3B70-4FB8-9430-4A05F410279A}.Release|Any CPU.Build.0 = Release|Any CPU
		{7AC52A99-3B70-4FB8-9430-4A05F410279A}.Release|ARM.ActiveCfg = Release|Any CPU
		{7AC52A99-3B70-4FB8-9430-4A05F410279A}.Release|ARM.Build.0 = Release|Any CPU
		{7AC52A99-3B70-4FB8-9430-4A05F410279A}.Release|ARM64.ActiveCfg = Release|Any CPU
		{7AC52A99-3B70-4FB8-9430-4A05F410279A}.Release|ARM64.Build.0 = Release|Any CPU
		{7AC52A99-3B70-4FB8-9430-4A05F410279A}.Release|x64.ActiveCfg = Release|Any CPU
		{7AC52A99-3B70-4FB8-9430-4A05F410279A}.Release|x64.Build.0 = Release|Any CPU
		{7AC52A99-3B70-4FB8-9430-4A05F410279A}.Release|x86.ActiveCfg = Release|Any CPU
		{7AC52A99-3B70-4FB8-9430-4A05F410279A}.Release|x86.Build.0 = Release|Any CPU
		{8A83A231-34A6-49E0-8EBD-04E9769128BB}.Debug|Any CPU.ActiveCfg = Debug|Any CPU
		{8A83A231-34A6-49E0-8EBD-04E9769128BB}.Debug|Any CPU.Build.0 = Debug|Any CPU
		{8A83A231-34A6-49E0-8EBD-04E9769128BB}.Debug|ARM.ActiveCfg = Debug|Any CPU
		{8A83A231-34A6-49E0-8EBD-04E9769128BB}.Debug|ARM.Build.0 = Debug|Any CPU
		{8A83A231-34A6-49E0-8EBD-04E9769128BB}.Debug|ARM64.ActiveCfg = Debug|Any CPU
		{8A83A231-34A6-49E0-8EBD-04E9769128BB}.Debug|ARM64.Build.0 = Debug|Any CPU
		{8A83A231-34A6-49E0-8EBD-04E9769128BB}.Debug|x64.ActiveCfg = Debug|Any CPU
		{8A83A231-34A6-49E0-8EBD-04E9769128BB}.Debug|x64.Build.0 = Debug|Any CPU
		{8A83A231-34A6-49E0-8EBD-04E9769128BB}.Debug|x86.ActiveCfg = Debug|Any CPU
		{8A83A231-34A6-49E0-8EBD-04E9769128BB}.Debug|x86.Build.0 = Debug|Any CPU
		{8A83A231-34A6-49E0-8EBD-04E9769128BB}.Release|Any CPU.ActiveCfg = Release|Any CPU
		{8A83A231-34A6-49E0-8EBD-04E9769128BB}.Release|Any CPU.Build.0 = Release|Any CPU
		{8A83A231-34A6-49E0-8EBD-04E9769128BB}.Release|ARM.ActiveCfg = Release|Any CPU
		{8A83A231-34A6-49E0-8EBD-04E9769128BB}.Release|ARM.Build.0 = Release|Any CPU
		{8A83A231-34A6-49E0-8EBD-04E9769128BB}.Release|ARM64.ActiveCfg = Release|Any CPU
		{8A83A231-34A6-49E0-8EBD-04E9769128BB}.Release|ARM64.Build.0 = Release|Any CPU
		{8A83A231-34A6-49E0-8EBD-04E9769128BB}.Release|x64.ActiveCfg = Release|Any CPU
		{8A83A231-34A6-49E0-8EBD-04E9769128BB}.Release|x64.Build.0 = Release|Any CPU
		{8A83A231-34A6-49E0-8EBD-04E9769128BB}.Release|x86.ActiveCfg = Release|Any CPU
		{8A83A231-34A6-49E0-8EBD-04E9769128BB}.Release|x86.Build.0 = Release|Any CPU
		{48356914-DC08-44B7-BA02-D1A025C8BE84}.Debug|Any CPU.ActiveCfg = Debug|Any CPU
		{48356914-DC08-44B7-BA02-D1A025C8BE84}.Debug|Any CPU.Build.0 = Debug|Any CPU
		{48356914-DC08-44B7-BA02-D1A025C8BE84}.Debug|ARM.ActiveCfg = Debug|Any CPU
		{48356914-DC08-44B7-BA02-D1A025C8BE84}.Debug|ARM.Build.0 = Debug|Any CPU
		{48356914-DC08-44B7-BA02-D1A025C8BE84}.Debug|ARM64.ActiveCfg = Debug|Any CPU
		{48356914-DC08-44B7-BA02-D1A025C8BE84}.Debug|ARM64.Build.0 = Debug|Any CPU
		{48356914-DC08-44B7-BA02-D1A025C8BE84}.Debug|x64.ActiveCfg = Debug|Any CPU
		{48356914-DC08-44B7-BA02-D1A025C8BE84}.Debug|x64.Build.0 = Debug|Any CPU
		{48356914-DC08-44B7-BA02-D1A025C8BE84}.Debug|x86.ActiveCfg = Debug|Any CPU
		{48356914-DC08-44B7-BA02-D1A025C8BE84}.Debug|x86.Build.0 = Debug|Any CPU
		{48356914-DC08-44B7-BA02-D1A025C8BE84}.Release|Any CPU.ActiveCfg = Release|Any CPU
		{48356914-DC08-44B7-BA02-D1A025C8BE84}.Release|Any CPU.Build.0 = Release|Any CPU
		{48356914-DC08-44B7-BA02-D1A025C8BE84}.Release|ARM.ActiveCfg = Release|Any CPU
		{48356914-DC08-44B7-BA02-D1A025C8BE84}.Release|ARM.Build.0 = Release|Any CPU
		{48356914-DC08-44B7-BA02-D1A025C8BE84}.Release|ARM64.ActiveCfg = Release|Any CPU
		{48356914-DC08-44B7-BA02-D1A025C8BE84}.Release|ARM64.Build.0 = Release|Any CPU
		{48356914-DC08-44B7-BA02-D1A025C8BE84}.Release|x64.ActiveCfg = Release|Any CPU
		{48356914-DC08-44B7-BA02-D1A025C8BE84}.Release|x64.Build.0 = Release|Any CPU
		{48356914-DC08-44B7-BA02-D1A025C8BE84}.Release|x86.ActiveCfg = Release|Any CPU
		{48356914-DC08-44B7-BA02-D1A025C8BE84}.Release|x86.Build.0 = Release|Any CPU
	EndGlobalSection
	GlobalSection(SolutionProperties) = preSolution
		HideSolutionNode = FALSE
	EndGlobalSection
	GlobalSection(ExtensibilityGlobals) = postSolution
		SolutionGuid = {25A77987-AC95-4E6C-98CF-B0619A6FD413}
	EndGlobalSection
EndGlobal
